github.com/karsinogenic/gomodul_tugas v1.0.0 h1:tfo7RiheCwoG0VIZvQ5/WQuvd95BRRfj7zJ/ptaAET8=
github.com/karsinogenic/gomodul_tugas v1.0.0/go.mod h1:pnGUZg2Uf4On5ivji0hzxNx9KwY5B+G7aDBxuKcamqE=
github.com/karsinogenic/gomodul_tugas v1.1.0 h1:m32RwC2+5WG/SOPghMPylVGdycZXIZ83Oi8cdeMa58k=
github.com/karsinogenic/gomodul_tugas v1.1.0/go.mod h1:pnGUZg2Uf4On5ivji0hzxNx9KwY5B+G7aDBxuKcamqE=
github.com/karsinogenic/gomodul_tugas v1.2.0 h1:C0f9oLkvyG23q4DuDtACqVNKmWSB10vNQ9QoRRiMWgs=
github.com/karsinogenic/gomodul_tugas v1.2.0/go.mod h1:pnGUZg2Uf4On5ivji0hzxNx9KwY5B+G7aDBxuKcamqE=
